// !$*UTF8*$!
{
	archiveVersion = 1;
	classes = {
	};
	objectVersion = 77;
	objects = {

/* Begin PBXBuildFile section */
		2776471A84D2345DB28B851A /* HermesSpeechToText.swift in Sources */ = {isa = PBXBuildFile; fileRef = C790E90C150D8867D2780DC7 /* HermesSpeechToText.swift */; };
		6CF2BF183476837D25A0F25D /* HermesAskWorkspacesView.swift in Sources */ = {isa = PBXBuildFile; fileRef = AC30A9107E0067942908A526 /* HermesAskWorkspacesView.swift */; };
		7E22EC2AAB8B02F82DF4CF12 /* InfoPlist.strings in Resources */ = {isa = PBXBuildFile; fileRef = 0111AF5B10A59D4B0A68BF86 /* InfoPlist.strings */; };
		8910B73C7B81F160EDD47BD8 /* HermesModelsAPI.swift in Sources */ = {isa = PBXBuildFile; fileRef = EBBF745CBB6AEE27A9D9EB9E /* HermesModelsAPI.swift */; };
		894771D840EFDC655AA6773F /* Assets.xcassets in Resources */ = {isa = PBXBuildFile; fileRef = 4501AB7BBEE0E95DA1F88BD8 /* Assets.xcassets */; };
		8C0CBEB9FC4A6D4040EBFD56 /* HermesMacOSApp.swift in Sources */ = {isa = PBXBuildFile; fileRef = D6ED932BB5ECB9F87BDF2481 /* HermesMacOSApp.swift */; };
		94CFB24AD7B68108672D0497 /* HermesHistoryView.swift in Sources */ = {isa = PBXBuildFile; fileRef = 37F22943CF56D37CF71DD1CD /* HermesHistoryView.swift */; };
		AB364C25AEB7E281976FF7DA /* HermesChatView.swift in Sources */ = {isa = PBXBuildFile; fileRef = E23D78F8C8391F85BE1F3FFF /* HermesChatView.swift */; };
		ADA3B122D278EEEE2D7A34BD /* HermesDashboardHistorySearch.swift in Sources */ = {isa = PBXBuildFile; fileRef = 1BCC69016BAF846FF9F12014 /* HermesDashboardHistorySearch.swift */; };
		C29A742AAE1F188A9653ADB4 /* HermesUtilitiesView.swift in Sources */ = {isa = PBXBuildFile; fileRef = 1EBD3C94B644F20D2E6BD269 /* HermesUtilitiesView.swift */; };
		DC9951D9255D694859E91CC4 /* ContentView.swift in Sources */ = {isa = PBXBuildFile; fileRef = 69CBD5F9B22B44BCCD839298 /* ContentView.swift */; };
		E1848BEE3EF0960620A17BD3 /* HermesViews.swift in Sources */ = {isa = PBXBuildFile; fileRef = 6696056CAFB17C7255BD45D7 /* HermesViews.swift */; };
		E6744ACE824DD627E37B9020 /* HermesChatCompletionsAPI.swift in Sources */ = {isa = PBXBuildFile; fileRef = 03ABF022BB35018E0F307AEC /* HermesChatCompletionsAPI.swift */; };
		E6DB079DBEBCA1119036ACEA /* Localizable.xcstrings in Resources */ = {isa = PBXBuildFile; fileRef = 2409A1205D704B5C7BCCE694 /* Localizable.xcstrings */; };
		EA79CB1E2A998BE7404B71C6 /* HermesInstallationView.swift in Sources */ = {isa = PBXBuildFile; fileRef = 11CEF196220572F395969711 /* HermesInstallationView.swift */; };
/* End PBXBuildFile section */

/* Begin PBXFileReference section */
		03ABF022BB35018E0F307AEC /* HermesChatCompletionsAPI.swift */ = {isa = PBXFileReference; lastKnownFileType = sourcecode.swift; path = HermesChatCompletionsAPI.swift; sourceTree = "<group>"; };
		11CEF196220572F395969711 /* HermesInstallationView.swift */ = {isa = PBXFileReference; lastKnownFileType = sourcecode.swift; path = HermesInstallationView.swift; sourceTree = "<group>"; };
		1BCC69016BAF846FF9F12014 /* HermesDashboardHistorySearch.swift */ = {isa = PBXFileReference; lastKnownFileType = sourcecode.swift; path = HermesDashboardHistorySearch.swift; sourceTree = "<group>"; };
		1EBD3C94B644F20D2E6BD269 /* HermesUtilitiesView.swift */ = {isa = PBXFileReference; lastKnownFileType = sourcecode.swift; path = HermesUtilitiesView.swift; sourceTree = "<group>"; };
		2409A1205D704B5C7BCCE694 /* Localizable.xcstrings */ = {isa = PBXFileReference; lastKnownFileType = text.json.xcstrings; path = Localizable.xcstrings; sourceTree = "<group>"; };
		37F22943CF56D37CF71DD1CD /* HermesHistoryView.swift */ = {isa = PBXFileReference; lastKnownFileType = sourcecode.swift; path = HermesHistoryView.swift; sourceTree = "<group>"; };
		4501AB7BBEE0E95DA1F88BD8 /* Assets.xcassets */ = {isa = PBXFileReference; lastKnownFileType = folder.assetcatalog; path = Assets.xcassets; sourceTree = "<group>"; };
		59D8EC4527F9A1247F7B7D87 /* de */ = {isa = PBXFileReference; lastKnownFileType = text.plist.strings; name = de; path = de.lproj/InfoPlist.strings; sourceTree = "<group>"; };
		6696056CAFB17C7255BD45D7 /* HermesViews.swift */ = {isa = PBXFileReference; lastKnownFileType = sourcecode.swift; path = HermesViews.swift; sourceTree = "<group>"; };
		69CBD5F9B22B44BCCD839298 /* ContentView.swift */ = {isa = PBXFileReference; lastKnownFileType = sourcecode.swift; path = ContentView.swift; sourceTree = "<group>"; };
		98751529CF81E71302A3466F /* HermesMacOS.app */ = {isa = PBXFileReference; explicitFileType = wrapper.application; includeInIndex = 0; path = HermesMacOS.app; sourceTree = BUILT_PRODUCTS_DIR; };
		AC30A9107E0067942908A526 /* HermesAskWorkspacesView.swift */ = {isa = PBXFileReference; lastKnownFileType = sourcecode.swift; path = HermesAskWorkspacesView.swift; sourceTree = "<group>"; };
		B58BD62886261007C1C9E595 /* zh-Hans */ = {isa = PBXFileReference; lastKnownFileType = text.plist.strings; name = "zh-Hans"; path = "zh-Hans.lproj/InfoPlist.strings"; sourceTree = "<group>"; };
		C790E90C150D8867D2780DC7 /* HermesSpeechToText.swift */ = {isa = PBXFileReference; lastKnownFileType = sourcecode.swift; path = HermesSpeechToText.swift; sourceTree = "<group>"; };
		D6ED932BB5ECB9F87BDF2481 /* HermesMacOSApp.swift */ = {isa = PBXFileReference; lastKnownFileType = sourcecode.swift; path = HermesMacOSApp.swift; sourceTree = "<group>"; };
		D76746761A58C12E6B3890D5 /* fr */ = {isa = PBXFileReference; lastKnownFileType = text.plist.strings; name = fr; path = fr.lproj/InfoPlist.strings; sourceTree = "<group>"; };
		E23D78F8C8391F85BE1F3FFF /* HermesChatView.swift */ = {isa = PBXFileReference; lastKnownFileType = sourcecode.swift; path = HermesChatView.swift; sourceTree = "<group>"; };
		EBBF745CBB6AEE27A9D9EB9E /* HermesModelsAPI.swift */ = {isa = PBXFileReference; lastKnownFileType = sourcecode.swift; path = HermesModelsAPI.swift; sourceTree = "<group>"; };
		F32AE47EB41A0A5D4A1AC620 /* es */ = {isa = PBXFileReference; lastKnownFileType = text.plist.strings; name = es; path = es.lproj/InfoPlist.strings; sourceTree = "<group>"; };
		FA43AC78DAFC778F3E5332ED /* en */ = {isa = PBXFileReference; lastKnownFileType = text.plist.strings; name = en; path = en.lproj/InfoPlist.strings; sourceTree = "<group>"; };
/* End PBXFileReference section */

/* Begin PBXGroup section */
		7F3829D2597AB26B747A4644 = {
			isa = PBXGroup;
			children = (
				F40E0727BB1C1903A8EEA980 /* HermesMacOS */,
				8845AD009EA7819BADCD5265 /* Products */,
			);
			sourceTree = "<group>";
		};
		8845AD009EA7819BADCD5265 /* Products */ = {
			isa = PBXGroup;
			children = (
				98751529CF81E71302A3466F /* HermesMacOS.app */,
			);
			name = Products;
			sourceTree = "<group>";
		};
		F40E0727BB1C1903A8EEA980 /* HermesMacOS */ = {
			isa = PBXGroup;
			children = (
				4501AB7BBEE0E95DA1F88BD8 /* Assets.xcassets */,
				69CBD5F9B22B44BCCD839298 /* ContentView.swift */,
				AC30A9107E0067942908A526 /* HermesAskWorkspacesView.swift */,
				03ABF022BB35018E0F307AEC /* HermesChatCompletionsAPI.swift */,
				E23D78F8C8391F85BE1F3FFF /* HermesChatView.swift */,
				1BCC69016BAF846FF9F12014 /* HermesDashboardHistorySearch.swift */,
				37F22943CF56D37CF71DD1CD /* HermesHistoryView.swift */,
				11CEF196220572F395969711 /* HermesInstallationView.swift */,
				D6ED932BB5ECB9F87BDF2481 /* HermesMacOSApp.swift */,
				EBBF745CBB6AEE27A9D9EB9E /* HermesModelsAPI.swift */,
				C790E90C150D8867D2780DC7 /* HermesSpeechToText.swift */,
				1EBD3C94B644F20D2E6BD269 /* HermesUtilitiesView.swift */,
				6696056CAFB17C7255BD45D7 /* HermesViews.swift */,
				2409A1205D704B5C7BCCE694 /* Localizable.xcstrings */,
				0111AF5B10A59D4B0A68BF86 /* InfoPlist.strings */,
			);
			path = HermesMacOS;
			sourceTree = "<group>";
		};
/* End PBXGroup section */

/* Begin PBXNativeTarget section */
		E3C5D3AA387F5281A30E9B9E /* HermesMacOS */ = {
			isa = PBXNativeTarget;
			buildConfigurationList = B0C1E16F7873C5A4BF2CA375 /* Build configuration list for PBXNativeTarget "HermesMacOS" */;
			buildPhases = (
				898393EDE24D9F5618BA3546 /* Sources */,
				550DF402BD76C31933AD8788 /* Resources */,
			);
			buildRules = (
			);
			dependencies = (
			);
			name = HermesMacOS;
			packageProductDependencies = (
			);
			productName = HermesMacOS;
			productReference = 98751529CF81E71302A3466F /* HermesMacOS.app */;
			productType = "com.apple.product-type.application";
		};
/* End PBXNativeTarget section */

/* Begin PBXProject section */
		BA35E1DF0C875A78120FB987 /* Project object */ = {
			isa = PBXProject;
			attributes = {
				BuildIndependentTargetsInParallel = YES;
				LastUpgradeCheck = 1430;
				TargetAttributes = {
					E3C5D3AA387F5281A30E9B9E = {
						DevelopmentTeam = RJYVGK9S3F;
						ProvisioningStyle = Automatic;
					};
				};
			};
			buildConfigurationList = B8C751F09FFD3C19CFC08C63 /* Build configuration list for PBXProject "HermesMacOS" */;
			developmentRegion = en;
			hasScannedForEncodings = 0;
			knownRegions = (
				Base,
				de,
				en,
				es,
				fr,
				"zh-Hans",
			);
			mainGroup = 7F3829D2597AB26B747A4644;
			minimizedProjectReferenceProxies = 1;
			preferredProjectObjectVersion = 77;
			productRefGroup = 8845AD009EA7819BADCD5265 /* Products */;
			projectDirPath = "";
			projectRoot = "";
			targets = (
				E3C5D3AA387F5281A30E9B9E /* HermesMacOS */,
			);
		};
/* End PBXProject section */

/* Begin PBXResourcesBuildPhase section */
		550DF402BD76C31933AD8788 /* Resources */ = {
			isa = PBXResourcesBuildPhase;
			buildActionMask = 2147483647;
			files = (
				894771D840EFDC655AA6773F /* Assets.xcassets in Resources */,
				7E22EC2AAB8B02F82DF4CF12 /* InfoPlist.strings in Resources */,
				E6DB079DBEBCA1119036ACEA /* Localizable.xcstrings in Resources */,
			);
			runOnlyForDeploymentPostprocessing = 0;
		};
/* End PBXResourcesBuildPhase section */

/* Begin PBXSourcesBuildPhase section */
		898393EDE24D9F5618BA3546 /* Sources */ = {
			isa = PBXSourcesBuildPhase;
			buildActionMask = 2147483647;
			files = (
				DC9951D9255D694859E91CC4 /* ContentView.swift in Sources */,
				6CF2BF183476837D25A0F25D /* HermesAskWorkspacesView.swift in Sources */,
				E6744ACE824DD627E37B9020 /* HermesChatCompletionsAPI.swift in Sources */,
				AB364C25AEB7E281976FF7DA /* HermesChatView.swift in Sources */,
				ADA3B122D278EEEE2D7A34BD /* HermesDashboardHistorySearch.swift in Sources */,
				94CFB24AD7B68108672D0497 /* HermesHistoryView.swift in Sources */,
				EA79CB1E2A998BE7404B71C6 /* HermesInstallationView.swift in Sources */,
				8C0CBEB9FC4A6D4040EBFD56 /* HermesMacOSApp.swift in Sources */,
				8910B73C7B81F160EDD47BD8 /* HermesModelsAPI.swift in Sources */,
				2776471A84D2345DB28B851A /* HermesSpeechToText.swift in Sources */,
				C29A742AAE1F188A9653ADB4 /* HermesUtilitiesView.swift in Sources */,
				E1848BEE3EF0960620A17BD3 /* HermesViews.swift in Sources */,
			);
			runOnlyForDeploymentPostprocessing = 0;
		};
/* End PBXSourcesBuildPhase section */

/* Begin PBXVariantGroup section */
		0111AF5B10A59D4B0A68BF86 /* InfoPlist.strings */ = {
			isa = PBXVariantGroup;
			children = (
				59D8EC4527F9A1247F7B7D87 /* de */,
				FA43AC78DAFC778F3E5332ED /* en */,
				F32AE47EB41A0A5D4A1AC620 /* es */,
				D76746761A58C12E6B3890D5 /* fr */,
				B58BD62886261007C1C9E595 /* zh-Hans */,
			);
			name = InfoPlist.strings;
			sourceTree = "<group>";
		};
/* End PBXVariantGroup section */

/* Begin XCBuildConfiguration section */
		27C5BD145F458C836D0A060B /* Release */ = {
			isa = XCBuildConfiguration;
			buildSettings = {
				ASSETCATALOG_COMPILER_APPICON_NAME = AppIcon;
				"CODE_SIGN_IDENTITY[sdk=macosx*]" = "Apple Development";
				CODE_SIGN_STYLE = Automatic;
				COMBINE_HIDPI_IMAGES = YES;
				DEVELOPMENT_TEAM = RJYVGK9S3F;
				ENABLE_HARDENED_RUNTIME = YES;
				GENERATE_INFOPLIST_FILE = YES;
				INFOPLIST_KEY_CFBundleDisplayName = "Hermes on MacOS";
				INFOPLIST_KEY_LSApplicationCategoryType = "public.app-category.developer-tools";
				INFOPLIST_KEY_NSHumanReadableCopyright = "Copyright © 2026 Laurent Dubertrand";
				INFOPLIST_KEY_NSMicrophoneUsageDescription = "HermesMacOS uses the microphone to dictate prompts into Ask Hermes.";
				INFOPLIST_KEY_NSSpeechRecognitionUsageDescription = "HermesMacOS can transcribe your speech into Ask Hermes prompts.";
				LD_RUNPATH_SEARCH_PATHS = (
					"$(inherited)",
					"@executable_path/../Frameworks",
				);
				PRODUCT_BUNDLE_IDENTIFIER = fr.dubertrand.HermesMacOS;
				PRODUCT_NAME = HermesMacOS;
				SDKROOT = macosx;
			};
			name = Release;
		};
		454DEF54C509E50B1B053C4A /* Debug */ = {
			isa = XCBuildConfiguration;
			buildSettings = {
				ALWAYS_SEARCH_USER_PATHS = NO;
				CLANG_ANALYZER_NONNULL = YES;
				CLANG_ANALYZER_NUMBER_OBJECT_CONVERSION = YES_AGGRESSIVE;
				CLANG_CXX_LANGUAGE_STANDARD = "gnu++14";
				CLANG_CXX_LIBRARY = "libc++";
				CLANG_ENABLE_MODULES = YES;
				CLANG_ENABLE_OBJC_ARC = YES;
				CLANG_ENABLE_OBJC_WEAK = YES;
				CLANG_WARN_BLOCK_CAPTURE_AUTORELEASING = YES;
				CLANG_WARN_BOOL_CONVERSION = YES;
				CLANG_WARN_COMMA = YES;
				CLANG_WARN_CONSTANT_CONVERSION = YES;
				CLANG_WARN_DEPRECATED_OBJC_IMPLEMENTATIONS = YES;
				CLANG_WARN_DIRECT_OBJC_ISA_USAGE = YES_ERROR;
				CLANG_WARN_DOCUMENTATION_COMMENTS = YES;
				CLANG_WARN_EMPTY_BODY = YES;
				CLANG_WARN_ENUM_CONVERSION = YES;
				CLANG_WARN_INFINITE_RECURSION = YES;
				CLANG_WARN_INT_CONVERSION = YES;
				CLANG_WARN_NON_LITERAL_NULL_CONVERSION = YES;
				CLANG_WARN_OBJC_IMPLICIT_RETAIN_SELF = YES;
				CLANG_WARN_OBJC_LITERAL_CONVERSION = YES;
				CLANG_WARN_OBJC_ROOT_CLASS = YES_ERROR;
				CLANG_WARN_QUOTED_INCLUDE_IN_FRAMEWORK_HEADER = YES;
				CLANG_WARN_RANGE_LOOP_ANALYSIS = YES;
				CLANG_WARN_STRICT_PROTOTYPES = YES;
				CLANG_WARN_SUSPICIOUS_MOVE = YES;
				CLANG_WARN_UNGUARDED_AVAILABILITY = YES_AGGRESSIVE;
				CLANG_WARN_UNREACHABLE_CODE = YES;
				CLANG_WARN__DUPLICATE_METHOD_MATCH = YES;
				COPY_PHASE_STRIP = NO;
				DEBUG_INFORMATION_FORMAT = dwarf;
				ENABLE_STRICT_OBJC_MSGSEND = YES;
				ENABLE_TESTABILITY = YES;
				GCC_C_LANGUAGE_STANDARD = gnu11;
				GCC_DYNAMIC_NO_PIC = NO;
				GCC_NO_COMMON_BLOCKS = YES;
				GCC_OPTIMIZATION_LEVEL = 0;
				GCC_PREPROCESSOR_DEFINITIONS = (
					"$(inherited)",
					"DEBUG=1",
				);
				GCC_WARN_64_TO_32_BIT_CONVERSION = YES;
				GCC_WARN_ABOUT_RETURN_TYPE = YES_ERROR;
				GCC_WARN_UNDECLARED_SELECTOR = YES;
				GCC_WARN_UNINITIALIZED_AUTOS = YES_AGGRESSIVE;
				GCC_WARN_UNUSED_FUNCTION = YES;
				GCC_WARN_UNUSED_VARIABLE = YES;
				MACOSX_DEPLOYMENT_TARGET = 26.0;
				MTL_ENABLE_DEBUG_INFO = INCLUDE_SOURCE;
				MTL_FAST_MATH = YES;
				ONLY_ACTIVE_ARCH = YES;
				PRODUCT_NAME = "$(TARGET_NAME)";
				SDKROOT = macosx;
				SWIFT_ACTIVE_COMPILATION_CONDITIONS = DEBUG;
				SWIFT_OPTIMIZATION_LEVEL = "-Onone";
				SWIFT_VERSION = 5.0;
			};
			name = Debug;
		};
		66DED2777917A2A255E9C269 /* Release */ = {
			isa = XCBuildConfiguration;
			buildSettings = {
				ALWAYS_SEARCH_USER_PATHS = NO;
				CLANG_ANALYZER_NONNULL = YES;
				CLANG_ANALYZER_NUMBER_OBJECT_CONVERSION = YES_AGGRESSIVE;
				CLANG_CXX_LANGUAGE_STANDARD = "gnu++14";
				CLANG_CXX_LIBRARY = "libc++";
				CLANG_ENABLE_MODULES = YES;
				CLANG_ENABLE_OBJC_ARC = YES;
				CLANG_ENABLE_OBJC_WEAK = YES;
				CLANG_WARN_BLOCK_CAPTURE_AUTORELEASING = YES;
				CLANG_WARN_BOOL_CONVERSION = YES;
				CLANG_WARN_COMMA = YES;
				CLANG_WARN_CONSTANT_CONVERSION = YES;
				CLANG_WARN_DEPRECATED_OBJC_IMPLEMENTATIONS = YES;
				CLANG_WARN_DIRECT_OBJC_ISA_USAGE = YES_ERROR;
				CLANG_WARN_DOCUMENTATION_COMMENTS = YES;
				CLANG_WARN_EMPTY_BODY = YES;
				CLANG_WARN_ENUM_CONVERSION = YES;
				CLANG_WARN_INFINITE_RECURSION = YES;
				CLANG_WARN_INT_CONVERSION = YES;
				CLANG_WARN_NON_LITERAL_NULL_CONVERSION = YES;
				CLANG_WARN_OBJC_IMPLICIT_RETAIN_SELF = YES;
				CLANG_WARN_OBJC_LITERAL_CONVERSION = YES;
				CLANG_WARN_OBJC_ROOT_CLASS = YES_ERROR;
				CLANG_WARN_QUOTED_INCLUDE_IN_FRAMEWORK_HEADER = YES;
				CLANG_WARN_RANGE_LOOP_ANALYSIS = YES;
				CLANG_WARN_STRICT_PROTOTYPES = YES;
				CLANG_WARN_SUSPICIOUS_MOVE = YES;
				CLANG_WARN_UNGUARDED_AVAILABILITY = YES_AGGRESSIVE;
				CLANG_WARN_UNREACHABLE_CODE = YES;
				CLANG_WARN__DUPLICATE_METHOD_MATCH = YES;
				COPY_PHASE_STRIP = NO;
				DEBUG_INFORMATION_FORMAT = "dwarf-with-dsym";
				ENABLE_NS_ASSERTIONS = NO;
				ENABLE_STRICT_OBJC_MSGSEND = YES;
				GCC_C_LANGUAGE_STANDARD = gnu11;
				GCC_NO_COMMON_BLOCKS = YES;
				GCC_WARN_64_TO_32_BIT_CONVERSION = YES;
				GCC_WARN_ABOUT_RETURN_TYPE = YES_ERROR;
				GCC_WARN_UNDECLARED_SELECTOR = YES;
				GCC_WARN_UNINITIALIZED_AUTOS = YES_AGGRESSIVE;
				GCC_WARN_UNUSED_FUNCTION = YES;
				GCC_WARN_UNUSED_VARIABLE = YES;
				MACOSX_DEPLOYMENT_TARGET = 26.0;
				MTL_ENABLE_DEBUG_INFO = NO;
				MTL_FAST_MATH = YES;
				PRODUCT_NAME = "$(TARGET_NAME)";
				SDKROOT = macosx;
				SWIFT_COMPILATION_MODE = wholemodule;
				SWIFT_OPTIMIZATION_LEVEL = "-O";
				SWIFT_VERSION = 5.0;
			};
			name = Release;
		};
		82E6722C09D53C98E5D8AAB4 /* Debug */ = {
			isa = XCBuildConfiguration;
			buildSettings = {
				ASSETCATALOG_COMPILER_APPICON_NAME = AppIcon;
				"CODE_SIGN_IDENTITY[sdk=macosx*]" = "Apple Development";
				CODE_SIGN_STYLE = Automatic;
				COMBINE_HIDPI_IMAGES = YES;
				DEVELOPMENT_TEAM = RJYVGK9S3F;
				ENABLE_HARDENED_RUNTIME = YES;
				GENERATE_INFOPLIST_FILE = YES;
				INFOPLIST_KEY_CFBundleDisplayName = "Hermes on MacOS";
				INFOPLIST_KEY_LSApplicationCategoryType = "public.app-category.developer-tools";
				INFOPLIST_KEY_NSHumanReadableCopyright = "Copyright © 2026 Laurent Dubertrand";
				INFOPLIST_KEY_NSMicrophoneUsageDescription = "HermesMacOS uses the microphone to dictate prompts into Ask Hermes.";
				INFOPLIST_KEY_NSSpeechRecognitionUsageDescription = "HermesMacOS can transcribe your speech into Ask Hermes prompts.";
				LD_RUNPATH_SEARCH_PATHS = (
					"$(inherited)",
					"@executable_path/../Frameworks",
				);
				PRODUCT_BUNDLE_IDENTIFIER = fr.dubertrand.HermesMacOS;
				PRODUCT_NAME = HermesMacOS;
				SDKROOT = macosx;
			};
			name = Debug;
		};
/* End XCBuildConfiguration section */

/* Begin XCConfigurationList section */
		B0C1E16F7873C5A4BF2CA375 /* Build configuration list for PBXNativeTarget "HermesMacOS" */ = {
			isa = XCConfigurationList;
			buildConfigurations = (
				82E6722C09D53C98E5D8AAB4 /* Debug */,
				27C5BD145F458C836D0A060B /* Release */,
			);
			defaultConfigurationIsVisible = 0;
			defaultConfigurationName = Debug;
		};
		B8C751F09FFD3C19CFC08C63 /* Build configuration list for PBXProject "HermesMacOS" */ = {
			isa = XCConfigurationList;
			buildConfigurations = (
				454DEF54C509E50B1B053C4A /* Debug */,
				66DED2777917A2A255E9C269 /* Release */,
			);
			defaultConfigurationIsVisible = 0;
			defaultConfigurationName = Debug;
		};
/* End XCConfigurationList section */
	};
	rootObject = BA35E1DF0C875A78120FB987 /* Project object */;
}
