// !$*UTF8*$!
{
	archiveVersion = 1;
	classes = {
	};
	objectVersion = 77;
	objects = {

/* Begin PBXBuildFile section */
		0724D3B1772C360DF5DA9252 /* JetBrainsMono-Regular.woff2 in Resources */ = {isa = PBXBuildFile; fileRef = F3FB4E9B657C2FD9D30A00C1 /* JetBrainsMono-Regular.woff2 */; };
		0D0492D08725C1EF5F09E3F0 /* HermesDashboardSkills.swift in Sources */ = {isa = PBXBuildFile; fileRef = FC604AF483CFF67A41BA12A3 /* HermesDashboardSkills.swift */; };
		0FD78FCA7D9BEBCEF1A82EB6 /* RulesExpanded-Regular.woff2 in Resources */ = {isa = PBXBuildFile; fileRef = 952B0A6ABF1E202BF580B269 /* RulesExpanded-Regular.woff2 */; };
		2776471A84D2345DB28B851A /* HermesSpeechToText.swift in Sources */ = {isa = PBXBuildFile; fileRef = C790E90C150D8867D2780DC7 /* HermesSpeechToText.swift */; };
		483D761E91F51DD21D2548E4 /* SplashView.swift in Sources */ = {isa = PBXBuildFile; fileRef = 0EACF0689F8F9A1772463C81 /* SplashView.swift */; };
		68B1F437F2D490FDFC96D217 /* Mondwest-Regular.woff2 in Resources */ = {isa = PBXBuildFile; fileRef = FBC2DDAD3CDD391DBF2E2572 /* Mondwest-Regular.woff2 */; };
		6CF2BF183476837D25A0F25D /* HermesAskWorkspacesView.swift in Sources */ = {isa = PBXBuildFile; fileRef = AC30A9107E0067942908A526 /* HermesAskWorkspacesView.swift */; };
		75F801715914F0744478A154 /* JetBrainsMono-Bold.woff2 in Resources */ = {isa = PBXBuildFile; fileRef = 28E6EB259A2B46DF7A3B0134 /* JetBrainsMono-Bold.woff2 */; };
		7E22EC2AAB8B02F82DF4CF12 /* InfoPlist.strings in Resources */ = {isa = PBXBuildFile; fileRef = 0111AF5B10A59D4B0A68BF86 /* InfoPlist.strings */; };
		8910B73C7B81F160EDD47BD8 /* HermesModelsAPI.swift in Sources */ = {isa = PBXBuildFile; fileRef = EBBF745CBB6AEE27A9D9EB9E /* HermesModelsAPI.swift */; };
		894771D840EFDC655AA6773F /* Assets.xcassets in Resources */ = {isa = PBXBuildFile; fileRef = 4501AB7BBEE0E95DA1F88BD8 /* Assets.xcassets */; };
		8C0CBEB9FC4A6D4040EBFD56 /* HermesMacOSApp.swift in Sources */ = {isa = PBXBuildFile; fileRef = D6ED932BB5ECB9F87BDF2481 /* HermesMacOSApp.swift */; };
		94CFB24AD7B68108672D0497 /* HermesHistoryView.swift in Sources */ = {isa = PBXBuildFile; fileRef = 37F22943CF56D37CF71DD1CD /* HermesHistoryView.swift */; };
		A12F0B9C87D34E1A9B6C5201 /* HermesDashboardToolsets.swift in Sources */ = {isa = PBXBuildFile; fileRef = B42E7D0A19C64F5A8E3D2710 /* HermesDashboardToolsets.swift */; };
		A94C8F1D39E247E4B5A61072 /* HermesLocalRuntimeModels.swift in Sources */ = {isa = PBXBuildFile; fileRef = B86D4A7C2E9F41C6A5308D21 /* HermesLocalRuntimeModels.swift */; };
		AB364C25AEB7E281976FF7DA /* HermesChatView.swift in Sources */ = {isa = PBXBuildFile; fileRef = E23D78F8C8391F85BE1F3FFF /* HermesChatView.swift */; };
		ADA3B122D278EEEE2D7A34BD /* HermesDashboardHistorySearch.swift in Sources */ = {isa = PBXBuildFile; fileRef = 1BCC69016BAF846FF9F12014 /* HermesDashboardHistorySearch.swift */; };
		32686F25A2C1B0B0D2FA6A05 /* HermesApprovalsInboxView.swift in Sources */ = {isa = PBXBuildFile; fileRef = FF725DF544EB45BE8AC28558 /* HermesApprovalsInboxView.swift */; };
		C29A742AAE1F188A9653ADB4 /* HermesUtilitiesView.swift in Sources */ = {isa = PBXBuildFile; fileRef = 1EBD3C94B644F20D2E6BD269 /* HermesUtilitiesView.swift */; };
		C4E22D9B31A6404E9F216A11 /* HermesKnowledgeEraserUtility.swift in Sources */ = {isa = PBXBuildFile; fileRef = D7B1C7E54F924B61902A3E89 /* HermesKnowledgeEraserUtility.swift */; };
		C83F9D6A214E4B7FA2D9C031 /* HermesDashboardMCPServers.swift in Sources */ = {isa = PBXBuildFile; fileRef = D51A8C72F6E04B8CA419E273 /* HermesDashboardMCPServers.swift */; };
		D65D293D4E89089922501618 /* HermesConfigurationView.swift in Sources */ = {isa = PBXBuildFile; fileRef = 43E8823EB1ED5D1894AC19DA /* HermesConfigurationView.swift */; };
		DB23DA2FDB511CAEB70B396D /* HermesSplash.mp4 in Resources */ = {isa = PBXBuildFile; fileRef = 261DC1AC9FE01008500D6665 /* HermesSplash.mp4 */; };
		DC9951D9255D694859E91CC4 /* ContentView.swift in Sources */ = {isa = PBXBuildFile; fileRef = 69CBD5F9B22B44BCCD839298 /* ContentView.swift */; };
		E1848BEE3EF0960620A17BD3 /* HermesViews.swift in Sources */ = {isa = PBXBuildFile; fileRef = 6696056CAFB17C7255BD45D7 /* HermesViews.swift */; };
		E62F41B8A9D54C2197B3084A /* HermesDashboardSchedules.swift in Sources */ = {isa = PBXBuildFile; fileRef = F73A52C91B4E4D4CA830692B /* HermesDashboardSchedules.swift */; };
		E6744ACE824DD627E37B9020 /* HermesChatCompletionsAPI.swift in Sources */ = {isa = PBXBuildFile; fileRef = 03ABF022BB35018E0F307AEC /* HermesChatCompletionsAPI.swift */; };
		E6DB079DBEBCA1119036ACEA /* Localizable.xcstrings in Resources */ = {isa = PBXBuildFile; fileRef = 2409A1205D704B5C7BCCE694 /* Localizable.xcstrings */; };
		E8D4C3B27A974F8196C2D5A0 /* HermesLocalProfiles.swift in Sources */ = {isa = PBXBuildFile; fileRef = F1A96D38C4B94A1AB3F0C7E2 /* HermesLocalProfiles.swift */; };
		EA79CB1E2A998BE7404B71C6 /* HermesInstallationView.swift in Sources */ = {isa = PBXBuildFile; fileRef = 11CEF196220572F395969711 /* HermesInstallationView.swift */; };
		EC7B891993F3D2C1EA9AC233 /* HermesTypography.swift in Sources */ = {isa = PBXBuildFile; fileRef = A6205CE4D8DF6062D876C169 /* HermesTypography.swift */; };
		F13714B10A79E7A22C66A8FA /* RulesExpanded-Bold.woff2 in Resources */ = {isa = PBXBuildFile; fileRef = 3B6DA44781589EEE8E783934 /* RulesExpanded-Bold.woff2 */; };
/* End PBXBuildFile section */

/* Begin PBXFileReference section */
		03ABF022BB35018E0F307AEC /* HermesChatCompletionsAPI.swift */ = {isa = PBXFileReference; lastKnownFileType = sourcecode.swift; path = HermesChatCompletionsAPI.swift; sourceTree = "<group>"; };
		0EACF0689F8F9A1772463C81 /* SplashView.swift */ = {isa = PBXFileReference; lastKnownFileType = sourcecode.swift; path = SplashView.swift; sourceTree = "<group>"; };
		11CEF196220572F395969711 /* HermesInstallationView.swift */ = {isa = PBXFileReference; lastKnownFileType = sourcecode.swift; path = HermesInstallationView.swift; sourceTree = "<group>"; };
		1ACA6DE022F4184ED70D8DF8 /* HermesMacOS.entitlements */ = {isa = PBXFileReference; lastKnownFileType = text.plist.entitlements; path = HermesMacOS.entitlements; sourceTree = "<group>"; };
		1BCC69016BAF846FF9F12014 /* HermesDashboardHistorySearch.swift */ = {isa = PBXFileReference; lastKnownFileType = sourcecode.swift; path = HermesDashboardHistorySearch.swift; sourceTree = "<group>"; };
		FF725DF544EB45BE8AC28558 /* HermesApprovalsInboxView.swift */ = {isa = PBXFileReference; lastKnownFileType = sourcecode.swift; path = HermesApprovalsInboxView.swift; sourceTree = "<group>"; };
		1EBD3C94B644F20D2E6BD269 /* HermesUtilitiesView.swift */ = {isa = PBXFileReference; lastKnownFileType = sourcecode.swift; path = HermesUtilitiesView.swift; sourceTree = "<group>"; };
		2409A1205D704B5C7BCCE694 /* Localizable.xcstrings */ = {isa = PBXFileReference; lastKnownFileType = text.json.xcstrings; path = Localizable.xcstrings; sourceTree = "<group>"; };
		261DC1AC9FE01008500D6665 /* HermesSplash.mp4 */ = {isa = PBXFileReference; lastKnownFileType = file; path = HermesSplash.mp4; sourceTree = "<group>"; };
		28E6EB259A2B46DF7A3B0134 /* JetBrainsMono-Bold.woff2 */ = {isa = PBXFileReference; lastKnownFileType = file; path = "JetBrainsMono-Bold.woff2"; sourceTree = "<group>"; };
		37F22943CF56D37CF71DD1CD /* HermesHistoryView.swift */ = {isa = PBXFileReference; lastKnownFileType = sourcecode.swift; path = HermesHistoryView.swift; sourceTree = "<group>"; };
		3B6DA44781589EEE8E783934 /* RulesExpanded-Bold.woff2 */ = {isa = PBXFileReference; lastKnownFileType = file; path = "RulesExpanded-Bold.woff2"; sourceTree = "<group>"; };
		43E8823EB1ED5D1894AC19DA /* HermesConfigurationView.swift */ = {isa = PBXFileReference; lastKnownFileType = sourcecode.swift; path = HermesConfigurationView.swift; sourceTree = "<group>"; };
		4501AB7BBEE0E95DA1F88BD8 /* Assets.xcassets */ = {isa = PBXFileReference; lastKnownFileType = folder.assetcatalog; path = Assets.xcassets; sourceTree = "<group>"; };
		59D8EC4527F9A1247F7B7D87 /* de */ = {isa = PBXFileReference; lastKnownFileType = text.plist.strings; name = de; path = de.lproj/InfoPlist.strings; sourceTree = "<group>"; };
		6696056CAFB17C7255BD45D7 /* HermesViews.swift */ = {isa = PBXFileReference; lastKnownFileType = sourcecode.swift; path = HermesViews.swift; sourceTree = "<group>"; };
		69CBD5F9B22B44BCCD839298 /* ContentView.swift */ = {isa = PBXFileReference; lastKnownFileType = sourcecode.swift; path = ContentView.swift; sourceTree = "<group>"; };
		952B0A6ABF1E202BF580B269 /* RulesExpanded-Regular.woff2 */ = {isa = PBXFileReference; lastKnownFileType = file; path = "RulesExpanded-Regular.woff2"; sourceTree = "<group>"; };
		98751529CF81E71302A3466F /* HermesMacOS.app */ = {isa = PBXFileReference; explicitFileType = wrapper.application; includeInIndex = 0; path = HermesMacOS.app; sourceTree = BUILT_PRODUCTS_DIR; };
		A6205CE4D8DF6062D876C169 /* HermesTypography.swift */ = {isa = PBXFileReference; lastKnownFileType = sourcecode.swift; path = HermesTypography.swift; sourceTree = "<group>"; };
		AC30A9107E0067942908A526 /* HermesAskWorkspacesView.swift */ = {isa = PBXFileReference; lastKnownFileType = sourcecode.swift; path = HermesAskWorkspacesView.swift; sourceTree = "<group>"; };
		B42E7D0A19C64F5A8E3D2710 /* HermesDashboardToolsets.swift */ = {isa = PBXFileReference; lastKnownFileType = sourcecode.swift; path = HermesDashboardToolsets.swift; sourceTree = "<group>"; };
		B58BD62886261007C1C9E595 /* zh-Hans */ = {isa = PBXFileReference; lastKnownFileType = text.plist.strings; name = "zh-Hans"; path = "zh-Hans.lproj/InfoPlist.strings"; sourceTree = "<group>"; };
		B86D4A7C2E9F41C6A5308D21 /* HermesLocalRuntimeModels.swift */ = {isa = PBXFileReference; lastKnownFileType = sourcecode.swift; path = HermesLocalRuntimeModels.swift; sourceTree = "<group>"; };
		C790E90C150D8867D2780DC7 /* HermesSpeechToText.swift */ = {isa = PBXFileReference; lastKnownFileType = sourcecode.swift; path = HermesSpeechToText.swift; sourceTree = "<group>"; };
		D51A8C72F6E04B8CA419E273 /* HermesDashboardMCPServers.swift */ = {isa = PBXFileReference; lastKnownFileType = sourcecode.swift; path = HermesDashboardMCPServers.swift; sourceTree = "<group>"; };
		D6ED932BB5ECB9F87BDF2481 /* HermesMacOSApp.swift */ = {isa = PBXFileReference; lastKnownFileType = sourcecode.swift; path = HermesMacOSApp.swift; sourceTree = "<group>"; };
		D76746761A58C12E6B3890D5 /* fr */ = {isa = PBXFileReference; lastKnownFileType = text.plist.strings; name = fr; path = fr.lproj/InfoPlist.strings; sourceTree = "<group>"; };
		D7B1C7E54F924B61902A3E89 /* HermesKnowledgeEraserUtility.swift */ = {isa = PBXFileReference; lastKnownFileType = sourcecode.swift; path = HermesKnowledgeEraserUtility.swift; sourceTree = "<group>"; };
		E23D78F8C8391F85BE1F3FFF /* HermesChatView.swift */ = {isa = PBXFileReference; lastKnownFileType = sourcecode.swift; path = HermesChatView.swift; sourceTree = "<group>"; };
		EBBF745CBB6AEE27A9D9EB9E /* HermesModelsAPI.swift */ = {isa = PBXFileReference; lastKnownFileType = sourcecode.swift; path = HermesModelsAPI.swift; sourceTree = "<group>"; };
		F1A96D38C4B94A1AB3F0C7E2 /* HermesLocalProfiles.swift */ = {isa = PBXFileReference; lastKnownFileType = sourcecode.swift; path = HermesLocalProfiles.swift; sourceTree = "<group>"; };
		F32AE47EB41A0A5D4A1AC620 /* es */ = {isa = PBXFileReference; lastKnownFileType = text.plist.strings; name = es; path = es.lproj/InfoPlist.strings; sourceTree = "<group>"; };
		F3FB4E9B657C2FD9D30A00C1 /* JetBrainsMono-Regular.woff2 */ = {isa = PBXFileReference; lastKnownFileType = file; path = "JetBrainsMono-Regular.woff2"; sourceTree = "<group>"; };
		F73A52C91B4E4D4CA830692B /* HermesDashboardSchedules.swift */ = {isa = PBXFileReference; lastKnownFileType = sourcecode.swift; path = HermesDashboardSchedules.swift; sourceTree = "<group>"; };
		FA43AC78DAFC778F3E5332ED /* en */ = {isa = PBXFileReference; lastKnownFileType = text.plist.strings; name = en; path = en.lproj/InfoPlist.strings; sourceTree = "<group>"; };
		FBC2DDAD3CDD391DBF2E2572 /* Mondwest-Regular.woff2 */ = {isa = PBXFileReference; lastKnownFileType = file; path = "Mondwest-Regular.woff2"; sourceTree = "<group>"; };
		FC604AF483CFF67A41BA12A3 /* HermesDashboardSkills.swift */ = {isa = PBXFileReference; lastKnownFileType = sourcecode.swift; path = HermesDashboardSkills.swift; sourceTree = "<group>"; };
/* End PBXFileReference section */

/* Begin PBXGroup section */
		64C4E1B3F24580833D5468DA /* Fonts */ = {
			isa = PBXGroup;
			children = (
				28E6EB259A2B46DF7A3B0134 /* JetBrainsMono-Bold.woff2 */,
				F3FB4E9B657C2FD9D30A00C1 /* JetBrainsMono-Regular.woff2 */,
				FBC2DDAD3CDD391DBF2E2572 /* Mondwest-Regular.woff2 */,
				3B6DA44781589EEE8E783934 /* RulesExpanded-Bold.woff2 */,
				952B0A6ABF1E202BF580B269 /* RulesExpanded-Regular.woff2 */,
			);
			path = Fonts;
			sourceTree = "<group>";
		};
		7219D558D7552150C138B2D8 /* Resources */ = {
			isa = PBXGroup;
			children = (
				261DC1AC9FE01008500D6665 /* HermesSplash.mp4 */,
			);
			path = Resources;
			sourceTree = "<group>";
		};
		7F3829D2597AB26B747A4644 = {
			isa = PBXGroup;
			children = (
				F40E0727BB1C1903A8EEA980 /* HermesMacOS */,
				8845AD009EA7819BADCD5265 /* Products */,
			);
			sourceTree = "<group>";
		};
		8845AD009EA7819BADCD5265 /* Products */ = {
			isa = PBXGroup;
			children = (
				98751529CF81E71302A3466F /* HermesMacOS.app */,
			);
			name = Products;
			sourceTree = "<group>";
		};
		F40E0727BB1C1903A8EEA980 /* HermesMacOS */ = {
			isa = PBXGroup;
			children = (
				4501AB7BBEE0E95DA1F88BD8 /* Assets.xcassets */,
				69CBD5F9B22B44BCCD839298 /* ContentView.swift */,
				AC30A9107E0067942908A526 /* HermesAskWorkspacesView.swift */,
				03ABF022BB35018E0F307AEC /* HermesChatCompletionsAPI.swift */,
				E23D78F8C8391F85BE1F3FFF /* HermesChatView.swift */,
				43E8823EB1ED5D1894AC19DA /* HermesConfigurationView.swift */,
				1BCC69016BAF846FF9F12014 /* HermesDashboardHistorySearch.swift */,
				FF725DF544EB45BE8AC28558 /* HermesApprovalsInboxView.swift */,
				FC604AF483CFF67A41BA12A3 /* HermesDashboardSkills.swift */,
				B42E7D0A19C64F5A8E3D2710 /* HermesDashboardToolsets.swift */,
				D51A8C72F6E04B8CA419E273 /* HermesDashboardMCPServers.swift */,
				F73A52C91B4E4D4CA830692B /* HermesDashboardSchedules.swift */,
				B86D4A7C2E9F41C6A5308D21 /* HermesLocalRuntimeModels.swift */,
				F1A96D38C4B94A1AB3F0C7E2 /* HermesLocalProfiles.swift */,
				D7B1C7E54F924B61902A3E89 /* HermesKnowledgeEraserUtility.swift */,
				37F22943CF56D37CF71DD1CD /* HermesHistoryView.swift */,
				11CEF196220572F395969711 /* HermesInstallationView.swift */,
				1ACA6DE022F4184ED70D8DF8 /* HermesMacOS.entitlements */,
				D6ED932BB5ECB9F87BDF2481 /* HermesMacOSApp.swift */,
				EBBF745CBB6AEE27A9D9EB9E /* HermesModelsAPI.swift */,
				C790E90C150D8867D2780DC7 /* HermesSpeechToText.swift */,
				A6205CE4D8DF6062D876C169 /* HermesTypography.swift */,
				1EBD3C94B644F20D2E6BD269 /* HermesUtilitiesView.swift */,
				6696056CAFB17C7255BD45D7 /* HermesViews.swift */,
				2409A1205D704B5C7BCCE694 /* Localizable.xcstrings */,
				0EACF0689F8F9A1772463C81 /* SplashView.swift */,
				64C4E1B3F24580833D5468DA /* Fonts */,
				0111AF5B10A59D4B0A68BF86 /* InfoPlist.strings */,
				7219D558D7552150C138B2D8 /* Resources */,
			);
			path = HermesMacOS;
			sourceTree = "<group>";
		};
/* End PBXGroup section */

/* Begin PBXNativeTarget section */
		E3C5D3AA387F5281A30E9B9E /* HermesMacOS */ = {
			isa = PBXNativeTarget;
			buildConfigurationList = B0C1E16F7873C5A4BF2CA375 /* Build configuration list for PBXNativeTarget "HermesMacOS" */;
			buildPhases = (
				898393EDE24D9F5618BA3546 /* Sources */,
				550DF402BD76C31933AD8788 /* Resources */,
			);
			buildRules = (
			);
			dependencies = (
			);
			name = HermesMacOS;
			packageProductDependencies = (
			);
			productName = HermesMacOS;
			productReference = 98751529CF81E71302A3466F /* HermesMacOS.app */;
			productType = "com.apple.product-type.application";
		};
/* End PBXNativeTarget section */

/* Begin PBXProject section */
		BA35E1DF0C875A78120FB987 /* Project object */ = {
			isa = PBXProject;
			attributes = {
				BuildIndependentTargetsInParallel = YES;
				LastUpgradeCheck = 1430;
				TargetAttributes = {
					E3C5D3AA387F5281A30E9B9E = {
						DevelopmentTeam = RJYVGK9S3F;
						ProvisioningStyle = Automatic;
					};
				};
			};
			buildConfigurationList = B8C751F09FFD3C19CFC08C63 /* Build configuration list for PBXProject "HermesMacOS" */;
			developmentRegion = en;
			hasScannedForEncodings = 0;
			knownRegions = (
				Base,
				de,
				en,
				es,
				fr,
				"zh-Hans",
			);
			mainGroup = 7F3829D2597AB26B747A4644;
			minimizedProjectReferenceProxies = 1;
			preferredProjectObjectVersion = 77;
			productRefGroup = 8845AD009EA7819BADCD5265 /* Products */;
			projectDirPath = "";
			projectRoot = "";
			targets = (
				E3C5D3AA387F5281A30E9B9E /* HermesMacOS */,
			);
		};
/* End PBXProject section */

/* Begin PBXResourcesBuildPhase section */
		550DF402BD76C31933AD8788 /* Resources */ = {
			isa = PBXResourcesBuildPhase;
			buildActionMask = 2147483647;
			files = (
				894771D840EFDC655AA6773F /* Assets.xcassets in Resources */,
				DB23DA2FDB511CAEB70B396D /* HermesSplash.mp4 in Resources */,
				7E22EC2AAB8B02F82DF4CF12 /* InfoPlist.strings in Resources */,
				75F801715914F0744478A154 /* JetBrainsMono-Bold.woff2 in Resources */,
				0724D3B1772C360DF5DA9252 /* JetBrainsMono-Regular.woff2 in Resources */,
				E6DB079DBEBCA1119036ACEA /* Localizable.xcstrings in Resources */,
				68B1F437F2D490FDFC96D217 /* Mondwest-Regular.woff2 in Resources */,
				F13714B10A79E7A22C66A8FA /* RulesExpanded-Bold.woff2 in Resources */,
				0FD78FCA7D9BEBCEF1A82EB6 /* RulesExpanded-Regular.woff2 in Resources */,
			);
			runOnlyForDeploymentPostprocessing = 0;
		};
/* End PBXResourcesBuildPhase section */

/* Begin PBXSourcesBuildPhase section */
		898393EDE24D9F5618BA3546 /* Sources */ = {
			isa = PBXSourcesBuildPhase;
			buildActionMask = 2147483647;
			files = (
				DC9951D9255D694859E91CC4 /* ContentView.swift in Sources */,
				6CF2BF183476837D25A0F25D /* HermesAskWorkspacesView.swift in Sources */,
				E6744ACE824DD627E37B9020 /* HermesChatCompletionsAPI.swift in Sources */,
				AB364C25AEB7E281976FF7DA /* HermesChatView.swift in Sources */,
				D65D293D4E89089922501618 /* HermesConfigurationView.swift in Sources */,
				ADA3B122D278EEEE2D7A34BD /* HermesDashboardHistorySearch.swift in Sources */,
				32686F25A2C1B0B0D2FA6A05 /* HermesApprovalsInboxView.swift in Sources */,
				0D0492D08725C1EF5F09E3F0 /* HermesDashboardSkills.swift in Sources */,
				A12F0B9C87D34E1A9B6C5201 /* HermesDashboardToolsets.swift in Sources */,
				C83F9D6A214E4B7FA2D9C031 /* HermesDashboardMCPServers.swift in Sources */,
				E62F41B8A9D54C2197B3084A /* HermesDashboardSchedules.swift in Sources */,
				A94C8F1D39E247E4B5A61072 /* HermesLocalRuntimeModels.swift in Sources */,
				E8D4C3B27A974F8196C2D5A0 /* HermesLocalProfiles.swift in Sources */,
				C4E22D9B31A6404E9F216A11 /* HermesKnowledgeEraserUtility.swift in Sources */,
				94CFB24AD7B68108672D0497 /* HermesHistoryView.swift in Sources */,
				EA79CB1E2A998BE7404B71C6 /* HermesInstallationView.swift in Sources */,
				8C0CBEB9FC4A6D4040EBFD56 /* HermesMacOSApp.swift in Sources */,
				8910B73C7B81F160EDD47BD8 /* HermesModelsAPI.swift in Sources */,
				2776471A84D2345DB28B851A /* HermesSpeechToText.swift in Sources */,
				EC7B891993F3D2C1EA9AC233 /* HermesTypography.swift in Sources */,
				C29A742AAE1F188A9653ADB4 /* HermesUtilitiesView.swift in Sources */,
				E1848BEE3EF0960620A17BD3 /* HermesViews.swift in Sources */,
				483D761E91F51DD21D2548E4 /* SplashView.swift in Sources */,
			);
			runOnlyForDeploymentPostprocessing = 0;
		};
/* End PBXSourcesBuildPhase section */

/* Begin PBXVariantGroup section */
		0111AF5B10A59D4B0A68BF86 /* InfoPlist.strings */ = {
			isa = PBXVariantGroup;
			children = (
				59D8EC4527F9A1247F7B7D87 /* de */,
				FA43AC78DAFC778F3E5332ED /* en */,
				F32AE47EB41A0A5D4A1AC620 /* es */,
				D76746761A58C12E6B3890D5 /* fr */,
				B58BD62886261007C1C9E595 /* zh-Hans */,
			);
			name = InfoPlist.strings;
			sourceTree = "<group>";
		};
/* End PBXVariantGroup section */

/* Begin XCBuildConfiguration section */
		27C5BD145F458C836D0A060B /* Release */ = {
			isa = XCBuildConfiguration;
			buildSettings = {
				ASSETCATALOG_COMPILER_APPICON_NAME = AppIcon;
				CODE_SIGN_ENTITLEMENTS = HermesMacOS/HermesMacOS.entitlements;
				"CODE_SIGN_IDENTITY[sdk=macosx*]" = "-";
				CODE_SIGN_STYLE = Automatic;
				COMBINE_HIDPI_IMAGES = YES;
				DEVELOPMENT_TEAM = RJYVGK9S3F;
				ENABLE_HARDENED_RUNTIME = YES;
				GENERATE_INFOPLIST_FILE = YES;
				INFOPLIST_KEY_CFBundleDisplayName = "Hermes on MacOS";
				INFOPLIST_KEY_LSApplicationCategoryType = "public.app-category.developer-tools";
				INFOPLIST_KEY_NSHumanReadableCopyright = "Copyright © 2026 Laurent Dubertrand";
				INFOPLIST_KEY_NSMicrophoneUsageDescription = "HermesMacOS uses the microphone to dictate prompts into Ask Hermes.";
				INFOPLIST_KEY_NSSpeechRecognitionUsageDescription = "HermesMacOS can transcribe your speech into Ask Hermes prompts.";
				LD_RUNPATH_SEARCH_PATHS = (
					"$(inherited)",
					"@executable_path/../Frameworks",
				);
				PRODUCT_BUNDLE_IDENTIFIER = fr.dubertrand.HermesMacOS;
				PRODUCT_NAME = HermesMacOS;
				SDKROOT = macosx;
			};
			name = Release;
		};
		454DEF54C509E50B1B053C4A /* Debug */ = {
			isa = XCBuildConfiguration;
			buildSettings = {
				ALWAYS_SEARCH_USER_PATHS = NO;
				CLANG_ANALYZER_NONNULL = YES;
				CLANG_ANALYZER_NUMBER_OBJECT_CONVERSION = YES_AGGRESSIVE;
				CLANG_CXX_LANGUAGE_STANDARD = "gnu++14";
				CLANG_CXX_LIBRARY = "libc++";
				CLANG_ENABLE_MODULES = YES;
				CLANG_ENABLE_OBJC_ARC = YES;
				CLANG_ENABLE_OBJC_WEAK = YES;
				CLANG_WARN_BLOCK_CAPTURE_AUTORELEASING = YES;
				CLANG_WARN_BOOL_CONVERSION = YES;
				CLANG_WARN_COMMA = YES;
				CLANG_WARN_CONSTANT_CONVERSION = YES;
				CLANG_WARN_DEPRECATED_OBJC_IMPLEMENTATIONS = YES;
				CLANG_WARN_DIRECT_OBJC_ISA_USAGE = YES_ERROR;
				CLANG_WARN_DOCUMENTATION_COMMENTS = YES;
				CLANG_WARN_EMPTY_BODY = YES;
				CLANG_WARN_ENUM_CONVERSION = YES;
				CLANG_WARN_INFINITE_RECURSION = YES;
				CLANG_WARN_INT_CONVERSION = YES;
				CLANG_WARN_NON_LITERAL_NULL_CONVERSION = YES;
				CLANG_WARN_OBJC_IMPLICIT_RETAIN_SELF = YES;
				CLANG_WARN_OBJC_LITERAL_CONVERSION = YES;
				CLANG_WARN_OBJC_ROOT_CLASS = YES_ERROR;
				CLANG_WARN_QUOTED_INCLUDE_IN_FRAMEWORK_HEADER = YES;
				CLANG_WARN_RANGE_LOOP_ANALYSIS = YES;
				CLANG_WARN_STRICT_PROTOTYPES = YES;
				CLANG_WARN_SUSPICIOUS_MOVE = YES;
				CLANG_WARN_UNGUARDED_AVAILABILITY = YES_AGGRESSIVE;
				CLANG_WARN_UNREACHABLE_CODE = YES;
				CLANG_WARN__DUPLICATE_METHOD_MATCH = YES;
				COPY_PHASE_STRIP = NO;
				DEBUG_INFORMATION_FORMAT = dwarf;
				ENABLE_STRICT_OBJC_MSGSEND = YES;
				ENABLE_TESTABILITY = YES;
				GCC_C_LANGUAGE_STANDARD = gnu11;
				GCC_DYNAMIC_NO_PIC = NO;
				GCC_NO_COMMON_BLOCKS = YES;
				GCC_OPTIMIZATION_LEVEL = 0;
				GCC_PREPROCESSOR_DEFINITIONS = (
					"$(inherited)",
					"DEBUG=1",
				);
				GCC_WARN_64_TO_32_BIT_CONVERSION = YES;
				GCC_WARN_ABOUT_RETURN_TYPE = YES_ERROR;
				GCC_WARN_UNDECLARED_SELECTOR = YES;
				GCC_WARN_UNINITIALIZED_AUTOS = YES_AGGRESSIVE;
				GCC_WARN_UNUSED_FUNCTION = YES;
				GCC_WARN_UNUSED_VARIABLE = YES;
				MACOSX_DEPLOYMENT_TARGET = 26.0;
				MTL_ENABLE_DEBUG_INFO = INCLUDE_SOURCE;
				MTL_FAST_MATH = YES;
				ONLY_ACTIVE_ARCH = YES;
				PRODUCT_NAME = "$(TARGET_NAME)";
				SDKROOT = macosx;
				SWIFT_ACTIVE_COMPILATION_CONDITIONS = DEBUG;
				SWIFT_OPTIMIZATION_LEVEL = "-Onone";
				SWIFT_VERSION = 5.0;
			};
			name = Debug;
		};
		66DED2777917A2A255E9C269 /* Release */ = {
			isa = XCBuildConfiguration;
			buildSettings = {
				ALWAYS_SEARCH_USER_PATHS = NO;
				CLANG_ANALYZER_NONNULL = YES;
				CLANG_ANALYZER_NUMBER_OBJECT_CONVERSION = YES_AGGRESSIVE;
				CLANG_CXX_LANGUAGE_STANDARD = "gnu++14";
				CLANG_CXX_LIBRARY = "libc++";
				CLANG_ENABLE_MODULES = YES;
				CLANG_ENABLE_OBJC_ARC = YES;
				CLANG_ENABLE_OBJC_WEAK = YES;
				CLANG_WARN_BLOCK_CAPTURE_AUTORELEASING = YES;
				CLANG_WARN_BOOL_CONVERSION = YES;
				CLANG_WARN_COMMA = YES;
				CLANG_WARN_CONSTANT_CONVERSION = YES;
				CLANG_WARN_DEPRECATED_OBJC_IMPLEMENTATIONS = YES;
				CLANG_WARN_DIRECT_OBJC_ISA_USAGE = YES_ERROR;
				CLANG_WARN_DOCUMENTATION_COMMENTS = YES;
				CLANG_WARN_EMPTY_BODY = YES;
				CLANG_WARN_ENUM_CONVERSION = YES;
				CLANG_WARN_INFINITE_RECURSION = YES;
				CLANG_WARN_INT_CONVERSION = YES;
				CLANG_WARN_NON_LITERAL_NULL_CONVERSION = YES;
				CLANG_WARN_OBJC_IMPLICIT_RETAIN_SELF = YES;
				CLANG_WARN_OBJC_LITERAL_CONVERSION = YES;
				CLANG_WARN_OBJC_ROOT_CLASS = YES_ERROR;
				CLANG_WARN_QUOTED_INCLUDE_IN_FRAMEWORK_HEADER = YES;
				CLANG_WARN_RANGE_LOOP_ANALYSIS = YES;
				CLANG_WARN_STRICT_PROTOTYPES = YES;
				CLANG_WARN_SUSPICIOUS_MOVE = YES;
				CLANG_WARN_UNGUARDED_AVAILABILITY = YES_AGGRESSIVE;
				CLANG_WARN_UNREACHABLE_CODE = YES;
				CLANG_WARN__DUPLICATE_METHOD_MATCH = YES;
				COPY_PHASE_STRIP = NO;
				DEBUG_INFORMATION_FORMAT = "dwarf-with-dsym";
				ENABLE_NS_ASSERTIONS = NO;
				ENABLE_STRICT_OBJC_MSGSEND = YES;
				GCC_C_LANGUAGE_STANDARD = gnu11;
				GCC_NO_COMMON_BLOCKS = YES;
				GCC_WARN_64_TO_32_BIT_CONVERSION = YES;
				GCC_WARN_ABOUT_RETURN_TYPE = YES_ERROR;
				GCC_WARN_UNDECLARED_SELECTOR = YES;
				GCC_WARN_UNINITIALIZED_AUTOS = YES_AGGRESSIVE;
				GCC_WARN_UNUSED_FUNCTION = YES;
				GCC_WARN_UNUSED_VARIABLE = YES;
				MACOSX_DEPLOYMENT_TARGET = 26.0;
				MTL_ENABLE_DEBUG_INFO = NO;
				MTL_FAST_MATH = YES;
				PRODUCT_NAME = "$(TARGET_NAME)";
				SDKROOT = macosx;
				SWIFT_COMPILATION_MODE = wholemodule;
				SWIFT_OPTIMIZATION_LEVEL = "-O";
				SWIFT_VERSION = 5.0;
			};
			name = Release;
		};
		82E6722C09D53C98E5D8AAB4 /* Debug */ = {
			isa = XCBuildConfiguration;
			buildSettings = {
				ASSETCATALOG_COMPILER_APPICON_NAME = AppIcon;
				CODE_SIGN_ENTITLEMENTS = HermesMacOS/HermesMacOS.entitlements;
				"CODE_SIGN_IDENTITY[sdk=macosx*]" = "-";
				CODE_SIGN_STYLE = Automatic;
				COMBINE_HIDPI_IMAGES = YES;
				DEVELOPMENT_TEAM = RJYVGK9S3F;
				ENABLE_HARDENED_RUNTIME = YES;
				GENERATE_INFOPLIST_FILE = YES;
				INFOPLIST_KEY_CFBundleDisplayName = "Hermes on MacOS";
				INFOPLIST_KEY_LSApplicationCategoryType = "public.app-category.developer-tools";
				INFOPLIST_KEY_NSHumanReadableCopyright = "Copyright © 2026 Laurent Dubertrand";
				INFOPLIST_KEY_NSMicrophoneUsageDescription = "HermesMacOS uses the microphone to dictate prompts into Ask Hermes.";
				INFOPLIST_KEY_NSSpeechRecognitionUsageDescription = "HermesMacOS can transcribe your speech into Ask Hermes prompts.";
				LD_RUNPATH_SEARCH_PATHS = (
					"$(inherited)",
					"@executable_path/../Frameworks",
				);
				PRODUCT_BUNDLE_IDENTIFIER = fr.dubertrand.HermesMacOS;
				PRODUCT_NAME = HermesMacOS;
				SDKROOT = macosx;
			};
			name = Debug;
		};
/* End XCBuildConfiguration section */

/* Begin XCConfigurationList section */
		B0C1E16F7873C5A4BF2CA375 /* Build configuration list for PBXNativeTarget "HermesMacOS" */ = {
			isa = XCConfigurationList;
			buildConfigurations = (
				82E6722C09D53C98E5D8AAB4 /* Debug */,
				27C5BD145F458C836D0A060B /* Release */,
			);
			defaultConfigurationIsVisible = 0;
			defaultConfigurationName = Debug;
		};
		B8C751F09FFD3C19CFC08C63 /* Build configuration list for PBXProject "HermesMacOS" */ = {
			isa = XCConfigurationList;
			buildConfigurations = (
				454DEF54C509E50B1B053C4A /* Debug */,
				66DED2777917A2A255E9C269 /* Release */,
			);
			defaultConfigurationIsVisible = 0;
			defaultConfigurationName = Debug;
		};
/* End XCConfigurationList section */
	};
	rootObject = BA35E1DF0C875A78120FB987 /* Project object */;
}
